
Microsoft Visual Studio Solution File, Format Version 12.00
# Visual Studio 15
VisualStudioVersion = 15.0.27130.2010
MinimumVisualStudioVersion = 10.0.40219.1
Project("{FAE04EC0-301F-11D3-BF4B-00C04F79EFBC}") = "Mubble", "Mubble\Mubble.csproj", "{ABDE05A9-4555-4812-AD11-5DDA9B63EE92}"
EndProject
Project("{FAE04EC0-301F-11D3-BF4B-00C04F79EFBC}") = "Mubble.Core", "Mubble.Core\Mubble.Core.csproj", "{15D14C82-211D-4FB3-90B3-AFA698EACF54}"
EndProject
Project("{FAE04EC0-301F-11D3-BF4B-00C04F79EFBC}") = "Mubble.Test", "Mubble.Test\Mubble.Test.csproj", "{01E14F79-57FC-4E98-ADA6-9B356EB57AA7}"
EndProject
Global
	GlobalSection(SolutionConfigurationPlatforms) = preSolution
		Debug|Any CPU = Debug|Any CPU
		Release|Any CPU = Release|Any CPU
	EndGlobalSection
	GlobalSection(ProjectConfigurationPlatforms) = postSolution
		{ABDE05A9-4555-4812-AD11-5DDA9B63EE92}.Debug|Any CPU.ActiveCfg = Debug|Any CPU
		{ABDE05A9-4555-4812-AD11-5DDA9B63EE92}.Debug|Any CPU.Build.0 = Debug|Any CPU
		{ABDE05A9-4555-4812-AD11-5DDA9B63EE92}.Release|Any CPU.ActiveCfg = Release|Any CPU
		{ABDE05A9-4555-4812-AD11-5DDA9B63EE92}.Release|Any CPU.Build.0 = Release|Any CPU
		{15D14C82-211D-4FB3-90B3-AFA698EACF54}.Debug|Any CPU.ActiveCfg = Debug|Any CPU
		{15D14C82-211D-4FB3-90B3-AFA698EACF54}.Debug|Any CPU.Build.0 = Debug|Any CPU
		{15D14C82-211D-4FB3-90B3-AFA698EACF54}.Release|Any CPU.ActiveCfg = Release|Any CPU
		{15D14C82-211D-4FB3-90B3-AFA698EACF54}.Release|Any CPU.Build.0 = Release|Any CPU
		{01E14F79-57FC-4E98-ADA6-9B356EB57AA7}.Debug|Any CPU.ActiveCfg = Debug|Any CPU
		{01E14F79-57FC-4E98-ADA6-9B356EB57AA7}.Debug|Any CPU.Build.0 = Debug|Any CPU
		{01E14F79-57FC-4E98-ADA6-9B356EB57AA7}.Release|Any CPU.ActiveCfg = Release|Any CPU
		{01E14F79-57FC-4E98-ADA6-9B356EB57AA7}.Release|Any CPU.Build.0 = Release|Any CPU
	EndGlobalSection
	GlobalSection(SolutionProperties) = preSolution
		HideSolutionNode = FALSE
	EndGlobalSection
	GlobalSection(ExtensibilityGlobals) = postSolution
		SolutionGuid = {8A9C1DC4-88B1-43EF-B45F-C1D4361F47CB}
	EndGlobalSection
EndGlobal
